
Microsoft Visual Studio Solution File, Format Version 12.00
# Visual Studio Version 17
VisualStudioVersion = 17.4.33213.308
MinimumVisualStudioVersion = 10.0.40219.1
Project("{FAE04EC0-301F-11D3-BF4B-00C04F79EFBC}") = "CapaPresentacion", "CapaPresentacion1\CapaPresentacion.csproj", "{76F56004-E1F8-45B9-B530-408461395099}"
EndProject
Project("{FAE04EC0-301F-11D3-BF4B-00C04F79EFBC}") = "CapaDatos", "CapaDatos\CapaDatos.csproj", "{D924CF7E-598F-46E1-8D97-9713AAB48215}"
EndProject
Project("{FAE04EC0-301F-11D3-BF4B-00C04F79EFBC}") = "CapaNegocio", "CapaNegocio\CapaNegocio.csproj", "{B03F34C8-2513-4A4E-8866-1744D2B226E1}"
EndProject
Project("{FAE04EC0-301F-11D3-BF4B-00C04F79EFBC}") = "CapaEntidad", "CapaEntidad2\CapaEntidad.csproj", "{E5306555-928E-4C55-A219-E01588B586AA}"
EndProject
Global
	GlobalSection(SolutionConfigurationPlatforms) = preSolution
		Debug|Any CPU = Debug|Any CPU
		Release|Any CPU = Release|Any CPU
	EndGlobalSection
	GlobalSection(ProjectConfigurationPlatforms) = postSolution
		{76F56004-E1F8-45B9-B530-408461395099}.Debug|Any CPU.ActiveCfg = Debug|Any CPU
		{76F56004-E1F8-45B9-B530-408461395099}.Debug|Any CPU.Build.0 = Debug|Any CPU
		{76F56004-E1F8-45B9-B530-408461395099}.Release|Any CPU.ActiveCfg = Release|Any CPU
		{76F56004-E1F8-45B9-B530-408461395099}.Release|Any CPU.Build.0 = Release|Any CPU
		{D924CF7E-598F-46E1-8D97-9713AAB48215}.Debug|Any CPU.ActiveCfg = Debug|Any CPU
		{D924CF7E-598F-46E1-8D97-9713AAB48215}.Debug|Any CPU.Build.0 = Debug|Any CPU
		{D924CF7E-598F-46E1-8D97-9713AAB48215}.Release|Any CPU.ActiveCfg = Release|Any CPU
		{D924CF7E-598F-46E1-8D97-9713AAB48215}.Release|Any CPU.Build.0 = Release|Any CPU
		{B03F34C8-2513-4A4E-8866-1744D2B226E1}.Debug|Any CPU.ActiveCfg = Debug|Any CPU
		{B03F34C8-2513-4A4E-8866-1744D2B226E1}.Debug|Any CPU.Build.0 = Debug|Any CPU
		{B03F34C8-2513-4A4E-8866-1744D2B226E1}.Release|Any CPU.ActiveCfg = Release|Any CPU
		{B03F34C8-2513-4A4E-8866-1744D2B226E1}.Release|Any CPU.Build.0 = Release|Any CPU
		{E5306555-928E-4C55-A219-E01588B586AA}.Debug|Any CPU.ActiveCfg = Debug|Any CPU
		{E5306555-928E-4C55-A219-E01588B586AA}.Debug|Any CPU.Build.0 = Debug|Any CPU
		{E5306555-928E-4C55-A219-E01588B586AA}.Release|Any CPU.ActiveCfg = Release|Any CPU
		{E5306555-928E-4C55-A219-E01588B586AA}.Release|Any CPU.Build.0 = Release|Any CPU
	EndGlobalSection
	GlobalSection(SolutionProperties) = preSolution
		HideSolutionNode = FALSE
	EndGlobalSection
	GlobalSection(ExtensibilityGlobals) = postSolution
		SolutionGuid = {FD476761-38B9-4DA0-9A59-8D85BEFECDB4}
	EndGlobalSection
EndGlobal
